PODS:
  - file_saver (0.0.1):
    - Flutter
  - Flutter (1.0.0)
  - flutter_foreground_task (0.0.1):
    - Flutter
  - geocoding_ios (1.0.5):
    - Flutter
  - geolocator_apple (1.2.0):
    - Flutter
    - FlutterMacOS
  - home_widget (0.0.1):
    - Flutter
  - permission_handler_apple (9.3.0):
    - Flutter
  - share_plus (0.0.1):
    - Flutter
  - shared_preferences_foundation (0.0.1):
    - Flutter
    - FlutterMacOS

DEPENDENCIES:
  - file_saver (from `.symlinks/plugins/file_saver/ios`)
  - Flutter (from `Flutter`)
  - flutter_foreground_task (from `.symlinks/plugins/flutter_foreground_task/ios`)
  - geocoding_ios (from `.symlinks/plugins/geocoding_ios/ios`)
  - geolocator_apple (from `.symlinks/plugins/geolocator_apple/darwin`)
  - home_widget (from `.symlinks/plugins/home_widget/ios`)
  - permission_handler_apple (from `.symlinks/plugins/permission_handler_apple/ios`)
  - share_plus (from `.symlinks/plugins/share_plus/ios`)
  - shared_preferences_foundation (from `.symlinks/plugins/shared_preferences_foundation/darwin`)

EXTERNAL SOURCES:
  file_saver:
    :path: ".symlinks/plugins/file_saver/ios"
  Flutter:
    :path: Flutter
  flutter_foreground_task:
    :path: ".symlinks/plugins/flutter_foreground_task/ios"
  geocoding_ios:
    :path: ".symlinks/plugins/geocoding_ios/ios"
  geolocator_apple:
    :path: ".symlinks/plugins/geolocator_apple/darwin"
  home_widget:
    :path: ".symlinks/plugins/home_widget/ios"
  permission_handler_apple:
    :path: ".symlinks/plugins/permission_handler_apple/ios"
  share_plus:
    :path: ".symlinks/plugins/share_plus/ios"
  shared_preferences_foundation:
    :path: ".symlinks/plugins/shared_preferences_foundation/darwin"

SPEC CHECKSUMS:
  file_saver: 503e386464dbe118f630e17b4c2e1190fa0cf808
  Flutter: cabc95a1d2626b1b06e7179b784ebcf0c0cde467
  flutter_foreground_task: 21ef182ab0a29a3005cc72cd70e5f45cb7f7f817
  geocoding_ios: eafacae6ad11a1eb56681f7d11df602a5fd49416
  geolocator_apple: 66b711889fd333205763b83c9dcf0a57a28c7afd
  home_widget: fdbbfaa90f06f3022cb57f79678d4d58b9c5e140
  permission_handler_apple: 9878588469a2b0d0fc1e048d9f43605f92e6cec2
  share_plus: 8b6f8b3447e494cca5317c8c3073de39b3600d1f
  shared_preferences_foundation: 5086985c1d43c5ba4d5e69a4e8083a389e2909e6

PODFILE CHECKSUM: f6ab4c5c5199caa996e07eb73464985620cfb80b

COCOAPODS: 1.16.2
